{
  "name": "cinematic-ai-studio",
  "version": "1.0.0",
  "lockfileVersion": 3,
  "requires": true,
  "packages": {
    "": {
      "name": "cinematic-ai-studio",
      "version": "1.0.0",
      "dependencies": {
        "@gradio/client": "2.7.0"
      },
      "engines": {
        "node": ">=20"
      }
    },
    "node_modules/@gradio/client": {
      "version": "2.7.0",
      "resolved": "https://registry.npmjs.org/@gradio/client/-/client-2.7.0.tgz",
      "integrity": "sha512-nH0mi4gcS9YBgDMGKLLwDEUqAP9uapzC77t2LZ9JURTYn3UxWqgPwiKSHLuZ8/3hLWUtPTjlOmvU+VqT9Gtxtw==",
      "license": "ISC",
      "dependencies": {
        "fetch-event-stream": "^0.1.5"
      },
      "engines": {
        "node": ">=18.0.0"
      }
    },
    "node_modules/fetch-event-stream": {
      "version": "0.1.6",
      "resolved": "https://registry.npmjs.org/fetch-event-stream/-/fetch-event-stream-0.1.6.tgz",
      "integrity": "sha512-GREtJ5HNikdU2AXtZ6E/5bk+aslMU6ie5mPG6H9nvsdDkkHQ6m5lHwmmmDTOBexok9hApQ7EprsXCdmz9ZC68w==",
      "license": "MIT"
    }
  }
}
